
Microsoft Visual Studio Solution File, Format Version 12.00
# Visual Studio Version 17
VisualStudioVersion = 17.9.34728.123
MinimumVisualStudioVersion = 10.0.40219.1
Project("{FAE04EC0-301F-11D3-BF4B-00C04F79EFBC}") = "TopScorersFinder.Console", "TopScorersFinder.Console\TopScorersFinder.Console.csproj", "{C838D833-CAF3-4B6D-83A0-ECAAB6224369}"
EndProject
Project("{FAE04EC0-301F-11D3-BF4B-00C04F79EFBC}") = "TopScorersFinder.Core", "TopScorersFinder.Core\TopScorersFinder.Core.csproj", "{AF4621F5-6C66-4B90-89C3-942FFFBF40AB}"
EndProject
Project("{FAE04EC0-301F-11D3-BF4B-00C04F79EFBC}") = "TopScorersFinder.Tests", "TopScorersFinder.Tests\TopScorersFinder.Tests.csproj", "{52E16143-9894-4DD2-8A16-8AC4DFCF4DAA}"
EndProject
Global
	GlobalSection(SolutionConfigurationPlatforms) = preSolution
		Debug|Any CPU = Debug|Any CPU
		Release|Any CPU = Release|Any CPU
	EndGlobalSection
	GlobalSection(ProjectConfigurationPlatforms) = postSolution
		{C838D833-CAF3-4B6D-83A0-ECAAB6224369}.Debug|Any CPU.ActiveCfg = Debug|Any CPU
		{C838D833-CAF3-4B6D-83A0-ECAAB6224369}.Debug|Any CPU.Build.0 = Debug|Any CPU
		{C838D833-CAF3-4B6D-83A0-ECAAB6224369}.Release|Any CPU.ActiveCfg = Release|Any CPU
		{C838D833-CAF3-4B6D-83A0-ECAAB6224369}.Release|Any CPU.Build.0 = Release|Any CPU
		{AF4621F5-6C66-4B90-89C3-942FFFBF40AB}.Debug|Any CPU.ActiveCfg = Debug|Any CPU
		{AF4621F5-6C66-4B90-89C3-942FFFBF40AB}.Debug|Any CPU.Build.0 = Debug|Any CPU
		{AF4621F5-6C66-4B90-89C3-942FFFBF40AB}.Release|Any CPU.ActiveCfg = Release|Any CPU
		{AF4621F5-6C66-4B90-89C3-942FFFBF40AB}.Release|Any CPU.Build.0 = Release|Any CPU
		{52E16143-9894-4DD2-8A16-8AC4DFCF4DAA}.Debug|Any CPU.ActiveCfg = Debug|Any CPU
		{52E16143-9894-4DD2-8A16-8AC4DFCF4DAA}.Debug|Any CPU.Build.0 = Debug|Any CPU
		{52E16143-9894-4DD2-8A16-8AC4DFCF4DAA}.Release|Any CPU.ActiveCfg = Release|Any CPU
		{52E16143-9894-4DD2-8A16-8AC4DFCF4DAA}.Release|Any CPU.Build.0 = Release|Any CPU
	EndGlobalSection
	GlobalSection(SolutionProperties) = preSolution
		HideSolutionNode = FALSE
	EndGlobalSection
	GlobalSection(ExtensibilityGlobals) = postSolution
		SolutionGuid = {48C660AF-88F6-466F-B42A-B1F0847D0D0B}
	EndGlobalSection
EndGlobal
